{
  "object": {
    "pins": [
      {
        "package": "crypto-traits-swift",
        "repositoryURL": "https://github.com/nixberg/crypto-traits-swift",
        "state": {
          "branch": null,
          "revision": "edbb488fbe7a09572e889e026a5aa07e0feb1198",
          "version": "0.2.1"
        }
      },
      {
        "package": "endianbytes-swift",
        "repositoryURL": "https://github.com/nixberg/endianbytes-swift",
        "state": {
          "branch": null,
          "revision": "c58c2275ba94c50de2573c5a1df3f5ceb2089cb4",
          "version": "0.5.1"
        }
      },
      {
        "package": "hexstring-swift",
        "repositoryURL": "https://github.com/nixberg/hexstring-swift",
        "state": {
          "branch": null,
          "revision": "a9d1e15e3547037216b8f5556544f38164867725",
          "version": "0.5.0"
        }
      },
      {
        "package": "swift-algorithms",
        "repositoryURL": "https://github.com/apple/swift-algorithms",
        "state": {
          "branch": null,
          "revision": "b14b7f4c528c942f121c8b860b9410b2bf57825e",
          "version": "1.0.0"
        }
      },
      {
        "package": "swift-numerics",
        "repositoryURL": "https://github.com/apple/swift-numerics",
        "state": {
          "branch": null,
          "revision": "0a5bc04095a675662cf24757cc0640aa2204253b",
          "version": "1.0.2"
        }
      }
    ]
  },
  "version": 1
}
